{
  "name": "private-ips",
  "version": "0.0.2",
  "dependencies": {
    "async": {
      "version": "0.9.0",
      "from": "async@"
    },
    "ip": {
      "version": "0.3.1",
      "from": "ip@"
    },
    "node.extend": {
      "version": "1.1.2",
      "from": "node.extend@",
      "resolved": "https://registry.npmjs.org/node.extend/-/node.extend-1.1.2.tgz",
      "dependencies": {
        "is": {
          "version": "2.0.0",
          "from": "is@~2.0.0",
          "resolved": "https://registry.npmjs.org/is/-/is-2.0.0.tgz"
        }
      }
    }
  }
}
